
Microsoft Visual Studio Solution File, Format Version 12.00
# Visual Studio Version 16
VisualStudioVersion = 16.0.29424.173
MinimumVisualStudioVersion = 10.0.40219.1
Project("{FAE04EC0-301F-11D3-BF4B-00C04F79EFBC}") = "DartLeague.Web", "DartLeague.Web\DartLeague.Web.csproj", "{CC048A8E-1925-4ECD-966A-6D66D56CA159}"
EndProject
Project("{9A19103F-16F7-4668-BE54-9A1E7A4F7556}") = "DartLeague.Core", "DartLeague.Core\DartLeague.Core.csproj", "{058969D5-63FA-47A6-966E-586755DF5947}"
EndProject
Project("{9A19103F-16F7-4668-BE54-9A1E7A4F7556}") = "DartLeague.Domain", "DartLeague.Domain\DartLeague.Domain.csproj", "{7DF61FD4-8F3E-40BB-AC32-FC2F31577A37}"
EndProject
Project("{9A19103F-16F7-4668-BE54-9A1E7A4F7556}") = "DartLeague.Repositories", "DartLeague.Repositories\DartLeague.Repositories.csproj", "{16CC0402-4026-46A1-8B8E-D7165536A475}"
EndProject
Project("{9A19103F-16F7-4668-BE54-9A1E7A4F7556}") = "DartLeague.Infrastructure", "DartLeague.Infrastructure\DartLeague.Infrastructure.csproj", "{A1AD6B19-5804-445F-8E58-AE1E8F1CB03C}"
EndProject
Project("{9A19103F-16F7-4668-BE54-9A1E7A4F7556}") = "DartLeague.GameEvents", "DartLeague.GameEvents\DartLeague.GameEvents.csproj", "{A768CAAA-7CD7-4A7B-A96D-22E86E74F163}"
EndProject
Project("{9A19103F-16F7-4668-BE54-9A1E7A4F7556}") = "DartLeague.GameEvents.Tests", "DartLeague.GameEvents.Tests\DartLeague.GameEvents.Tests.csproj", "{A9DACE5D-B902-40F5-98CE-9FC1C166E1F7}"
EndProject
Project("{9A19103F-16F7-4668-BE54-9A1E7A4F7556}") = "DartLeague.Common", "DartLeague.Common\DartLeague.Common.csproj", "{8848C464-3DC7-4E6A-9067-66699DBD5DCC}"
EndProject
Global
	GlobalSection(SolutionConfigurationPlatforms) = preSolution
		Debug|Any CPU = Debug|Any CPU
		Release|Any CPU = Release|Any CPU
	EndGlobalSection
	GlobalSection(ProjectConfigurationPlatforms) = postSolution
		{CC048A8E-1925-4ECD-966A-6D66D56CA159}.Debug|Any CPU.ActiveCfg = Debug|Any CPU
		{CC048A8E-1925-4ECD-966A-6D66D56CA159}.Debug|Any CPU.Build.0 = Debug|Any CPU
		{CC048A8E-1925-4ECD-966A-6D66D56CA159}.Release|Any CPU.ActiveCfg = Release|Any CPU
		{CC048A8E-1925-4ECD-966A-6D66D56CA159}.Release|Any CPU.Build.0 = Release|Any CPU
		{058969D5-63FA-47A6-966E-586755DF5947}.Debug|Any CPU.ActiveCfg = Debug|Any CPU
		{058969D5-63FA-47A6-966E-586755DF5947}.Debug|Any CPU.Build.0 = Debug|Any CPU
		{058969D5-63FA-47A6-966E-586755DF5947}.Release|Any CPU.ActiveCfg = Release|Any CPU
		{058969D5-63FA-47A6-966E-586755DF5947}.Release|Any CPU.Build.0 = Release|Any CPU
		{7DF61FD4-8F3E-40BB-AC32-FC2F31577A37}.Debug|Any CPU.ActiveCfg = Debug|Any CPU
		{7DF61FD4-8F3E-40BB-AC32-FC2F31577A37}.Debug|Any CPU.Build.0 = Debug|Any CPU
		{7DF61FD4-8F3E-40BB-AC32-FC2F31577A37}.Release|Any CPU.ActiveCfg = Release|Any CPU
		{7DF61FD4-8F3E-40BB-AC32-FC2F31577A37}.Release|Any CPU.Build.0 = Release|Any CPU
		{16CC0402-4026-46A1-8B8E-D7165536A475}.Debug|Any CPU.ActiveCfg = Debug|Any CPU
		{16CC0402-4026-46A1-8B8E-D7165536A475}.Debug|Any CPU.Build.0 = Debug|Any CPU
		{16CC0402-4026-46A1-8B8E-D7165536A475}.Release|Any CPU.ActiveCfg = Release|Any CPU
		{16CC0402-4026-46A1-8B8E-D7165536A475}.Release|Any CPU.Build.0 = Release|Any CPU
		{A1AD6B19-5804-445F-8E58-AE1E8F1CB03C}.Debug|Any CPU.ActiveCfg = Debug|Any CPU
		{A1AD6B19-5804-445F-8E58-AE1E8F1CB03C}.Debug|Any CPU.Build.0 = Debug|Any CPU
		{A1AD6B19-5804-445F-8E58-AE1E8F1CB03C}.Release|Any CPU.ActiveCfg = Release|Any CPU
		{A1AD6B19-5804-445F-8E58-AE1E8F1CB03C}.Release|Any CPU.Build.0 = Release|Any CPU
		{A768CAAA-7CD7-4A7B-A96D-22E86E74F163}.Debug|Any CPU.ActiveCfg = Debug|Any CPU
		{A768CAAA-7CD7-4A7B-A96D-22E86E74F163}.Debug|Any CPU.Build.0 = Debug|Any CPU
		{A768CAAA-7CD7-4A7B-A96D-22E86E74F163}.Release|Any CPU.ActiveCfg = Release|Any CPU
		{A768CAAA-7CD7-4A7B-A96D-22E86E74F163}.Release|Any CPU.Build.0 = Release|Any CPU
		{A9DACE5D-B902-40F5-98CE-9FC1C166E1F7}.Debug|Any CPU.ActiveCfg = Debug|Any CPU
		{A9DACE5D-B902-40F5-98CE-9FC1C166E1F7}.Debug|Any CPU.Build.0 = Debug|Any CPU
		{A9DACE5D-B902-40F5-98CE-9FC1C166E1F7}.Release|Any CPU.ActiveCfg = Release|Any CPU
		{A9DACE5D-B902-40F5-98CE-9FC1C166E1F7}.Release|Any CPU.Build.0 = Release|Any CPU
		{8848C464-3DC7-4E6A-9067-66699DBD5DCC}.Debug|Any CPU.ActiveCfg = Debug|Any CPU
		{8848C464-3DC7-4E6A-9067-66699DBD5DCC}.Debug|Any CPU.Build.0 = Debug|Any CPU
		{8848C464-3DC7-4E6A-9067-66699DBD5DCC}.Release|Any CPU.ActiveCfg = Release|Any CPU
		{8848C464-3DC7-4E6A-9067-66699DBD5DCC}.Release|Any CPU.Build.0 = Release|Any CPU
	EndGlobalSection
	GlobalSection(SolutionProperties) = preSolution
		HideSolutionNode = FALSE
	EndGlobalSection
	GlobalSection(ExtensibilityGlobals) = postSolution
		SolutionGuid = {794302D2-4C8B-4CB5-8F38-CA58FE76E553}
	EndGlobalSection
EndGlobal
