
Microsoft Visual Studio Solution File, Format Version 12.00
# Visual Studio 15
VisualStudioVersion = 15.0.26730.10
MinimumVisualStudioVersion = 10.0.40219.1
Project("{9A19103F-16F7-4668-BE54-9A1E7A4F7556}") = "DartLeague.Web", "DartLeague.Web\DartLeague.Web.csproj", "{5B3B99D9-16FC-4E58-BDC4-475CFE930947}"
EndProject
Project("{E53339B2-1760-4266-BCC7-CA923CBCF16C}") = "docker-compose", "docker-compose.dcproj", "{28208A92-71E6-43F8-AB00-463699EBCFCD}"
EndProject
Project("{2150E333-8FDC-42A3-9474-1A3956D46DE8}") = "Solution Items", "Solution Items", "{C1EE92DC-2387-4D3F-92FB-F82F92D52E7A}"
	ProjectSection(SolutionItems) = preProject
		Readme.txt = Readme.txt
	EndProjectSection
EndProject
Project("{9A19103F-16F7-4668-BE54-9A1E7A4F7556}") = "DartLeague.Core", "DartLeague.Core\DartLeague.Core.csproj", "{15515DAF-2156-4512-9A65-294B7C367121}"
EndProject
Project("{9A19103F-16F7-4668-BE54-9A1E7A4F7556}") = "DartLeague.Repositories", "DartLeague.Repositories\DartLeague.Repositories.csproj", "{CEB6257A-F4BA-4FFA-B350-C28C505A58EF}"
EndProject
Project("{9A19103F-16F7-4668-BE54-9A1E7A4F7556}") = "DartLeague.Infrastructure", "DartLeague.Infrastructure\DartLeague.Infrastructure.csproj", "{6CDDB759-1F4D-4B26-89D6-36A12E845C44}"
EndProject
Project("{9A19103F-16F7-4668-BE54-9A1E7A4F7556}") = "DartLeague.Domain", "DartLeague.Domain\DartLeague.Domain.csproj", "{383402CB-32C6-4444-80F8-118A49C46D9F}"
EndProject
Project("{9A19103F-16F7-4668-BE54-9A1E7A4F7556}") = "DartLeague.Common", "DartLeague.Common\DartLeague.Common.csproj", "{69741128-B3F1-44B0-A628-430AEFB8B04B}"
EndProject
Project("{2150E333-8FDC-42A3-9474-1A3956D46DE8}") = "Tests", "Tests", "{F386FF5E-FBC9-448E-9FFE-E0F21D75CD86}"
EndProject
Global
	GlobalSection(SolutionConfigurationPlatforms) = preSolution
		Debug|Any CPU = Debug|Any CPU
		Release|Any CPU = Release|Any CPU
	EndGlobalSection
	GlobalSection(ProjectConfigurationPlatforms) = postSolution
		{5B3B99D9-16FC-4E58-BDC4-475CFE930947}.Debug|Any CPU.ActiveCfg = Debug|Any CPU
		{5B3B99D9-16FC-4E58-BDC4-475CFE930947}.Debug|Any CPU.Build.0 = Debug|Any CPU
		{5B3B99D9-16FC-4E58-BDC4-475CFE930947}.Release|Any CPU.ActiveCfg = Release|Any CPU
		{5B3B99D9-16FC-4E58-BDC4-475CFE930947}.Release|Any CPU.Build.0 = Release|Any CPU
		{28208A92-71E6-43F8-AB00-463699EBCFCD}.Debug|Any CPU.ActiveCfg = Debug|Any CPU
		{28208A92-71E6-43F8-AB00-463699EBCFCD}.Debug|Any CPU.Build.0 = Debug|Any CPU
		{28208A92-71E6-43F8-AB00-463699EBCFCD}.Release|Any CPU.ActiveCfg = Release|Any CPU
		{28208A92-71E6-43F8-AB00-463699EBCFCD}.Release|Any CPU.Build.0 = Release|Any CPU
		{15515DAF-2156-4512-9A65-294B7C367121}.Debug|Any CPU.ActiveCfg = Debug|Any CPU
		{15515DAF-2156-4512-9A65-294B7C367121}.Debug|Any CPU.Build.0 = Debug|Any CPU
		{15515DAF-2156-4512-9A65-294B7C367121}.Release|Any CPU.ActiveCfg = Release|Any CPU
		{15515DAF-2156-4512-9A65-294B7C367121}.Release|Any CPU.Build.0 = Release|Any CPU
		{CEB6257A-F4BA-4FFA-B350-C28C505A58EF}.Debug|Any CPU.ActiveCfg = Debug|Any CPU
		{CEB6257A-F4BA-4FFA-B350-C28C505A58EF}.Debug|Any CPU.Build.0 = Debug|Any CPU
		{CEB6257A-F4BA-4FFA-B350-C28C505A58EF}.Release|Any CPU.ActiveCfg = Release|Any CPU
		{CEB6257A-F4BA-4FFA-B350-C28C505A58EF}.Release|Any CPU.Build.0 = Release|Any CPU
		{6CDDB759-1F4D-4B26-89D6-36A12E845C44}.Debug|Any CPU.ActiveCfg = Debug|Any CPU
		{6CDDB759-1F4D-4B26-89D6-36A12E845C44}.Debug|Any CPU.Build.0 = Debug|Any CPU
		{6CDDB759-1F4D-4B26-89D6-36A12E845C44}.Release|Any CPU.ActiveCfg = Release|Any CPU
		{6CDDB759-1F4D-4B26-89D6-36A12E845C44}.Release|Any CPU.Build.0 = Release|Any CPU
		{383402CB-32C6-4444-80F8-118A49C46D9F}.Debug|Any CPU.ActiveCfg = Debug|Any CPU
		{383402CB-32C6-4444-80F8-118A49C46D9F}.Debug|Any CPU.Build.0 = Debug|Any CPU
		{383402CB-32C6-4444-80F8-118A49C46D9F}.Release|Any CPU.ActiveCfg = Release|Any CPU
		{383402CB-32C6-4444-80F8-118A49C46D9F}.Release|Any CPU.Build.0 = Release|Any CPU
		{69741128-B3F1-44B0-A628-430AEFB8B04B}.Debug|Any CPU.ActiveCfg = Debug|Any CPU
		{69741128-B3F1-44B0-A628-430AEFB8B04B}.Debug|Any CPU.Build.0 = Debug|Any CPU
		{69741128-B3F1-44B0-A628-430AEFB8B04B}.Release|Any CPU.ActiveCfg = Release|Any CPU
		{69741128-B3F1-44B0-A628-430AEFB8B04B}.Release|Any CPU.Build.0 = Release|Any CPU
	EndGlobalSection
	GlobalSection(SolutionProperties) = preSolution
		HideSolutionNode = FALSE
	EndGlobalSection
	GlobalSection(ExtensibilityGlobals) = postSolution
		SolutionGuid = {80459DE5-AB7E-4DD0-A748-326750895591}
	EndGlobalSection
EndGlobal
